
Microsoft Visual Studio Solution File, Format Version 12.00
# Visual Studio Version 17
VisualStudioVersion = 17.7.34031.279
MinimumVisualStudioVersion = 10.0.40219.1
Project("{9A19103F-16F7-4668-BE54-9A1E7A4F7556}") = "NasaControlRovers", "NasaControlRovers\NasaControlRovers.csproj", "{32C3C917-49C9-42C4-9C60-C4E8F3271184}"
EndProject
Project("{FAE04EC0-301F-11D3-BF4B-00C04F79EFBC}") = "NasaControlRoversTest", "NasaControlRoversTest\NasaControlRoversTest.csproj", "{2B6CE33A-A9EC-43E3-8BDE-3CC21860E247}"
	ProjectSection(ProjectDependencies) = postProject
		{32C3C917-49C9-42C4-9C60-C4E8F3271184} = {32C3C917-49C9-42C4-9C60-C4E8F3271184}
	EndProjectSection
EndProject
Global
	GlobalSection(SolutionConfigurationPlatforms) = preSolution
		Debug|Any CPU = Debug|Any CPU
		Release|Any CPU = Release|Any CPU
	EndGlobalSection
	GlobalSection(ProjectConfigurationPlatforms) = postSolution
		{32C3C917-49C9-42C4-9C60-C4E8F3271184}.Debug|Any CPU.ActiveCfg = Debug|Any CPU
		{32C3C917-49C9-42C4-9C60-C4E8F3271184}.Debug|Any CPU.Build.0 = Debug|Any CPU
		{32C3C917-49C9-42C4-9C60-C4E8F3271184}.Release|Any CPU.ActiveCfg = Release|Any CPU
		{32C3C917-49C9-42C4-9C60-C4E8F3271184}.Release|Any CPU.Build.0 = Release|Any CPU
		{2B6CE33A-A9EC-43E3-8BDE-3CC21860E247}.Debug|Any CPU.ActiveCfg = Debug|Any CPU
		{2B6CE33A-A9EC-43E3-8BDE-3CC21860E247}.Debug|Any CPU.Build.0 = Debug|Any CPU
		{2B6CE33A-A9EC-43E3-8BDE-3CC21860E247}.Release|Any CPU.ActiveCfg = Release|Any CPU
		{2B6CE33A-A9EC-43E3-8BDE-3CC21860E247}.Release|Any CPU.Build.0 = Release|Any CPU
	EndGlobalSection
	GlobalSection(SolutionProperties) = preSolution
		HideSolutionNode = FALSE
	EndGlobalSection
	GlobalSection(ExtensibilityGlobals) = postSolution
		SolutionGuid = {E9C33DC2-E091-4268-8280-C7E9BAFF6DA1}
	EndGlobalSection
EndGlobal
